
Microsoft Visual Studio Solution File, Format Version 12.00
# Visual Studio Version 16
VisualStudioVersion = 16.0.31112.23
MinimumVisualStudioVersion = 10.0.40219.1
Project("{FAE04EC0-301F-11D3-BF4B-00C04F79EFBC}") = "DataWorksTasks", "DataWorksTasksa\DataWorksTasks.csproj", "{323CC779-15C6-425A-8EE4-FFE576C115A5}"
EndProject
Project("{FAE04EC0-301F-11D3-BF4B-00C04F79EFBC}") = "DataWorksTasks.Tests", "DataWorksTasks.Tests\DataWorksTasks.Tests.csproj", "{A8C3E767-1E7F-42B9-902C-23F54E735E8A}"
EndProject
Global
	GlobalSection(SolutionConfigurationPlatforms) = preSolution
		Debug|Any CPU = Debug|Any CPU
		Release|Any CPU = Release|Any CPU
	EndGlobalSection
	GlobalSection(ProjectConfigurationPlatforms) = postSolution
		{323CC779-15C6-425A-8EE4-FFE576C115A5}.Debug|Any CPU.ActiveCfg = Debug|Any CPU
		{323CC779-15C6-425A-8EE4-FFE576C115A5}.Debug|Any CPU.Build.0 = Debug|Any CPU
		{323CC779-15C6-425A-8EE4-FFE576C115A5}.Release|Any CPU.ActiveCfg = Release|Any CPU
		{323CC779-15C6-425A-8EE4-FFE576C115A5}.Release|Any CPU.Build.0 = Release|Any CPU
		{A8C3E767-1E7F-42B9-902C-23F54E735E8A}.Debug|Any CPU.ActiveCfg = Debug|Any CPU
		{A8C3E767-1E7F-42B9-902C-23F54E735E8A}.Debug|Any CPU.Build.0 = Debug|Any CPU
		{A8C3E767-1E7F-42B9-902C-23F54E735E8A}.Release|Any CPU.ActiveCfg = Release|Any CPU
		{A8C3E767-1E7F-42B9-902C-23F54E735E8A}.Release|Any CPU.Build.0 = Release|Any CPU
	EndGlobalSection
	GlobalSection(SolutionProperties) = preSolution
		HideSolutionNode = FALSE
	EndGlobalSection
	GlobalSection(ExtensibilityGlobals) = postSolution
		SolutionGuid = {92822AFC-D92A-49F8-A3D3-16E4B53B77CB}
	EndGlobalSection
EndGlobal
